
Microsoft Visual Studio Solution File, Format Version 12.00
# Visual Studio Version 17
VisualStudioVersion = 17.10.35013.160
MinimumVisualStudioVersion = 10.0.40219.1
Project("{FAE04EC0-301F-11D3-BF4B-00C04F79EFBC}") = "ConsoleAppTemplateExample", "ConsoleAppTemplateExample.csproj", "{BF83300C-A541-48AA-A264-39A836CCC6B6}"
EndProject
Global
	GlobalSection(SolutionConfigurationPlatforms) = preSolution
		Debug|Any CPU = Debug|Any CPU
		Release|Any CPU = Release|Any CPU
	EndGlobalSection
	GlobalSection(ProjectConfigurationPlatforms) = postSolution
		{BF83300C-A541-48AA-A264-39A836CCC6B6}.Debug|Any CPU.ActiveCfg = Debug|Any CPU
		{BF83300C-A541-48AA-A264-39A836CCC6B6}.Debug|Any CPU.Build.0 = Debug|Any CPU
		{BF83300C-A541-48AA-A264-39A836CCC6B6}.Release|Any CPU.ActiveCfg = Release|Any CPU
		{BF83300C-A541-48AA-A264-39A836CCC6B6}.Release|Any CPU.Build.0 = Release|Any CPU
	EndGlobalSection
	GlobalSection(SolutionProperties) = preSolution
		HideSolutionNode = FALSE
	EndGlobalSection
	GlobalSection(ExtensibilityGlobals) = postSolution
		SolutionGuid = {81291C18-A9E5-48E0-A1A5-5AAE4DBD0EA8}
	EndGlobalSection
EndGlobal
